// !$*UTF8*$!
{
	archiveVersion = 1;
	classes = {
	};
	objectVersion = 60;
	objects = {

/* Begin PBXBuildFile section */
		30B029A62F9EAB1D00DE834E /* AppStorage.swift in Sources */ = {isa = PBXBuildFile; fileRef = 30B029662F9EAB1D00DE834E /* AppStorage.swift */; };
		30B029A72F9EAB1D00DE834E /* FocusLaunchItem.swift in Sources */ = {isa = PBXBuildFile; fileRef = 30B029672F9EAB1D00DE834E /* FocusLaunchItem.swift */; };
		30B029A82F9EAB1D00DE834E /* AppColorExtension.swift in Sources */ = {isa = PBXBuildFile; fileRef = 30B029692F9EAB1D00DE834E /* AppColorExtension.swift */; };
		30B029A92F9EAB1D00DE834E /* AppDesignDecor.swift in Sources */ = {isa = PBXBuildFile; fileRef = 30B0296A2F9EAB1D00DE834E /* AppDesignDecor.swift */; };
		30B029AA2F9EAB1D00DE834E /* AppNavigationRoot.swift in Sources */ = {isa = PBXBuildFile; fileRef = 30B0296B2F9EAB1D00DE834E /* AppNavigationRoot.swift */; };
		30B029AB2F9EAB1D00DE834E /* AppVisualStyle.swift in Sources */ = {isa = PBXBuildFile; fileRef = 30B0296C2F9EAB1D00DE834E /* AppVisualStyle.swift */; };
		30B029AC2F9EAB1D00DE834E /* FocusPulseView.swift in Sources */ = {isa = PBXBuildFile; fileRef = 30B0296E2F9EAB1D00DE834E /* FocusPulseView.swift */; };
		30B029AD2F9EAB1D00DE834E /* FocusRingChartView.swift in Sources */ = {isa = PBXBuildFile; fileRef = 30B0296F2F9EAB1D00DE834E /* FocusRingChartView.swift */; };
		30B029AE2F9EAB1D00DE834E /* PriorityMapperView.swift in Sources */ = {isa = PBXBuildFile; fileRef = 30B029712F9EAB1D00DE834E /* PriorityMapperView.swift */; };
		30B029AF2F9EAB1D00DE834E /* PriorityQuadrantChartView.swift in Sources */ = {isa = PBXBuildFile; fileRef = 30B029722F9EAB1D00DE834E /* PriorityQuadrantChartView.swift */; };
		30B029B02F9EAB1D00DE834E /* RoutineBarChartView.swift in Sources */ = {isa = PBXBuildFile; fileRef = 30B029742F9EAB1D00DE834E /* RoutineBarChartView.swift */; };
		30B029B12F9EAB1D00DE834E /* RoutineEnhancerView.swift in Sources */ = {isa = PBXBuildFile; fileRef = 30B029752F9EAB1D00DE834E /* RoutineEnhancerView.swift */; };
		30B029B22F9EAB1D00DE834E /* ActivityResultView.swift in Sources */ = {isa = PBXBuildFile; fileRef = 30B029772F9EAB1D00DE834E /* ActivityResultView.swift */; };
		30B029B32F9EAB1D00DE834E /* StreakView.swift in Sources */ = {isa = PBXBuildFile; fileRef = 30B029782F9EAB1D00DE834E /* StreakView.swift */; };
		30B029B42F9EAB1D00DE834E /* DashboardView.swift in Sources */ = {isa = PBXBuildFile; fileRef = 30B0297B2F9EAB1D00DE834E /* DashboardView.swift */; };
		30B029B52F9EAB1D00DE834E /* DayCloseRitualView.swift in Sources */ = {isa = PBXBuildFile; fileRef = 30B0297C2F9EAB1D00DE834E /* DayCloseRitualView.swift */; };
		30B029B62F9EAB1D00DE834E /* ProgressRingView.swift in Sources */ = {isa = PBXBuildFile; fileRef = 30B0297D2F9EAB1D00DE834E /* ProgressRingView.swift */; };
		30B029B72F9EAB1D00DE834E /* GoalsView.swift in Sources */ = {isa = PBXBuildFile; fileRef = 30B0297F2F9EAB1D00DE834E /* GoalsView.swift */; };
		30B029B82F9EAB1D00DE834E /* ActivityShareView.swift in Sources */ = {isa = PBXBuildFile; fileRef = 30B029812F9EAB1D00DE834E /* ActivityShareView.swift */; };
		30B029B92F9EAB1D00DE834E /* HistoryExport.swift in Sources */ = {isa = PBXBuildFile; fileRef = 30B029822F9EAB1D00DE834E /* HistoryExport.swift */; };
		30B029BA2F9EAB1D00DE834E /* HistoryView.swift in Sources */ = {isa = PBXBuildFile; fileRef = 30B029832F9EAB1D00DE834E /* HistoryView.swift */; };
		30B029BB2F9EAB1D00DE834E /* HomeView.swift in Sources */ = {isa = PBXBuildFile; fileRef = 30B029852F9EAB1D00DE834E /* HomeView.swift */; };
		30B029BC2F9EAB1D00DE834E /* AppTab.swift in Sources */ = {isa = PBXBuildFile; fileRef = 30B029872F9EAB1D00DE834E /* AppTab.swift */; };
		30B029BD2F9EAB1D00DE834E /* CustomTabBar.swift in Sources */ = {isa = PBXBuildFile; fileRef = 30B029882F9EAB1D00DE834E /* CustomTabBar.swift */; };
		30B029BE2F9EAB1D00DE834E /* MainView.swift in Sources */ = {isa = PBXBuildFile; fileRef = 30B029892F9EAB1D00DE834E /* MainView.swift */; };
		30B029BF2F9EAB1D00DE834E /* OnboardingView.swift in Sources */ = {isa = PBXBuildFile; fileRef = 30B0298B2F9EAB1D00DE834E /* OnboardingView.swift */; };
		30B029C02F9EAB1D00DE834E /* SettingsView.swift in Sources */ = {isa = PBXBuildFile; fileRef = 30B0298D2F9EAB1D00DE834E /* SettingsView.swift */; };
		30B029C12F9EAB1D00DE834E /* AddTaskSheet.swift in Sources */ = {isa = PBXBuildFile; fileRef = 30B0298F2F9EAB1D00DE834E /* AddTaskSheet.swift */; };
		30B029C22F9EAB1D00DE834E /* AppExternalURL.swift in Sources */ = {isa = PBXBuildFile; fileRef = 30B029922F9EAB1D00DE834E /* AppExternalURL.swift */; };
		30B029C32F9EAB1D00DE834E /* Haptics.swift in Sources */ = {isa = PBXBuildFile; fileRef = 30B029932F9EAB1D00DE834E /* Haptics.swift */; };
		30B029C42F9EAB1D00DE834E /* LocalNotificationService.swift in Sources */ = {isa = PBXBuildFile; fileRef = 30B029942F9EAB1D00DE834E /* LocalNotificationService.swift */; };
		30B029C52F9EAB1D00DE834E /* WindowBackgroundSync.swift in Sources */ = {isa = PBXBuildFile; fileRef = 30B029952F9EAB1D00DE834E /* WindowBackgroundSync.swift */; };
		30B029C62F9EAB1D00DE834E /* FocusPulseViewModel.swift in Sources */ = {isa = PBXBuildFile; fileRef = 30B029972F9EAB1D00DE834E /* FocusPulseViewModel.swift */; };
		30B029C72F9EAB1D00DE834E /* PriorityMapperViewModel.swift in Sources */ = {isa = PBXBuildFile; fileRef = 30B029982F9EAB1D00DE834E /* PriorityMapperViewModel.swift */; };
		30B029C82F9EAB1D00DE834E /* RoutineEnhancerViewModel.swift in Sources */ = {isa = PBXBuildFile; fileRef = 30B029992F9EAB1D00DE834E /* RoutineEnhancerViewModel.swift */; };
		30B029C92F9EAB1D00DE834E /* AppDelegate.swift in Sources */ = {isa = PBXBuildFile; fileRef = 30B0299B2F9EAB1D00DE834E /* AppDelegate.swift */; };
		30B029CA2F9EAB1D00DE834E /* ContentView.swift in Sources */ = {isa = PBXBuildFile; fileRef = 30B0299D2F9EAB1D00DE834E /* ContentView.swift */; };
		30B029CB2F9EAB1D00DE834E /* GoxlabApp.swift in Sources */ = {isa = PBXBuildFile; fileRef = 30B0299E2F9EAB1D00DE834E /* GoxlabApp.swift */; };
		30B029CC2F9EAB1D00DE834E /* ViewController.swift in Sources */ = {isa = PBXBuildFile; fileRef = 30B029A42F9EAB1D00DE834E /* ViewController.swift */; };
		30B029CD2F9EAB1D00DE834E /* Assets.xcassets in Resources */ = {isa = PBXBuildFile; fileRef = 30B0299C2F9EAB1D00DE834E /* Assets.xcassets */; };
		30B029CF2F9EAB1D00DE834E /* LaunchScreen.storyboard in Resources */ = {isa = PBXBuildFile; fileRef = 30B029A12F9EAB1D00DE834E /* LaunchScreen.storyboard */; };
		30B029D02F9EAB1D00DE834E /* Main.storyboard in Resources */ = {isa = PBXBuildFile; fileRef = 30B029A32F9EAB1D00DE834E /* Main.storyboard */; };
/* End PBXBuildFile section */

/* Begin PBXFileReference section */
		30B026342F9DF26400DE834E /* 146GoxlabrenKexzecror.app */ = {isa = PBXFileReference; explicitFileType = wrapper.application; includeInIndex = 0; path = 146GoxlabrenKexzecror.app; sourceTree = BUILT_PRODUCTS_DIR; };
		30B029662F9EAB1D00DE834E /* AppStorage.swift */ = {isa = PBXFileReference; lastKnownFileType = sourcecode.swift; path = AppStorage.swift; sourceTree = "<group>"; };
		30B029672F9EAB1D00DE834E /* FocusLaunchItem.swift */ = {isa = PBXFileReference; lastKnownFileType = sourcecode.swift; path = FocusLaunchItem.swift; sourceTree = "<group>"; };
		30B029692F9EAB1D00DE834E /* AppColorExtension.swift */ = {isa = PBXFileReference; lastKnownFileType = sourcecode.swift; path = AppColorExtension.swift; sourceTree = "<group>"; };
		30B0296A2F9EAB1D00DE834E /* AppDesignDecor.swift */ = {isa = PBXFileReference; lastKnownFileType = sourcecode.swift; path = AppDesignDecor.swift; sourceTree = "<group>"; };
		30B0296B2F9EAB1D00DE834E /* AppNavigationRoot.swift */ = {isa = PBXFileReference; lastKnownFileType = sourcecode.swift; path = AppNavigationRoot.swift; sourceTree = "<group>"; };
		30B0296C2F9EAB1D00DE834E /* AppVisualStyle.swift */ = {isa = PBXFileReference; lastKnownFileType = sourcecode.swift; path = AppVisualStyle.swift; sourceTree = "<group>"; };
		30B0296E2F9EAB1D00DE834E /* FocusPulseView.swift */ = {isa = PBXFileReference; lastKnownFileType = sourcecode.swift; path = FocusPulseView.swift; sourceTree = "<group>"; };
		30B0296F2F9EAB1D00DE834E /* FocusRingChartView.swift */ = {isa = PBXFileReference; lastKnownFileType = sourcecode.swift; path = FocusRingChartView.swift; sourceTree = "<group>"; };
		30B029712F9EAB1D00DE834E /* PriorityMapperView.swift */ = {isa = PBXFileReference; lastKnownFileType = sourcecode.swift; path = PriorityMapperView.swift; sourceTree = "<group>"; };
		30B029722F9EAB1D00DE834E /* PriorityQuadrantChartView.swift */ = {isa = PBXFileReference; lastKnownFileType = sourcecode.swift; path = PriorityQuadrantChartView.swift; sourceTree = "<group>"; };
		30B029742F9EAB1D00DE834E /* RoutineBarChartView.swift */ = {isa = PBXFileReference; lastKnownFileType = sourcecode.swift; path = RoutineBarChartView.swift; sourceTree = "<group>"; };
		30B029752F9EAB1D00DE834E /* RoutineEnhancerView.swift */ = {isa = PBXFileReference; lastKnownFileType = sourcecode.swift; path = RoutineEnhancerView.swift; sourceTree = "<group>"; };
		30B029772F9EAB1D00DE834E /* ActivityResultView.swift */ = {isa = PBXFileReference; lastKnownFileType = sourcecode.swift; path = ActivityResultView.swift; sourceTree = "<group>"; };
		30B029782F9EAB1D00DE834E /* StreakView.swift */ = {isa = PBXFileReference; lastKnownFileType = sourcecode.swift; path = StreakView.swift; sourceTree = "<group>"; };
		30B0297B2F9EAB1D00DE834E /* DashboardView.swift */ = {isa = PBXFileReference; lastKnownFileType = sourcecode.swift; path = DashboardView.swift; sourceTree = "<group>"; };
		30B0297C2F9EAB1D00DE834E /* DayCloseRitualView.swift */ = {isa = PBXFileReference; lastKnownFileType = sourcecode.swift; path = DayCloseRitualView.swift; sourceTree = "<group>"; };
		30B0297D2F9EAB1D00DE834E /* ProgressRingView.swift */ = {isa = PBXFileReference; lastKnownFileType = sourcecode.swift; path = ProgressRingView.swift; sourceTree = "<group>"; };
		30B0297F2F9EAB1D00DE834E /* GoalsView.swift */ = {isa = PBXFileReference; lastKnownFileType = sourcecode.swift; path = GoalsView.swift; sourceTree = "<group>"; };
		30B029812F9EAB1D00DE834E /* ActivityShareView.swift */ = {isa = PBXFileReference; lastKnownFileType = sourcecode.swift; path = ActivityShareView.swift; sourceTree = "<group>"; };
		30B029822F9EAB1D00DE834E /* HistoryExport.swift */ = {isa = PBXFileReference; lastKnownFileType = sourcecode.swift; path = HistoryExport.swift; sourceTree = "<group>"; };
		30B029832F9EAB1D00DE834E /* HistoryView.swift */ = {isa = PBXFileReference; lastKnownFileType = sourcecode.swift; path = HistoryView.swift; sourceTree = "<group>"; };
		30B029852F9EAB1D00DE834E /* HomeView.swift */ = {isa = PBXFileReference; lastKnownFileType = sourcecode.swift; path = HomeView.swift; sourceTree = "<group>"; };
		30B029872F9EAB1D00DE834E /* AppTab.swift */ = {isa = PBXFileReference; lastKnownFileType = sourcecode.swift; path = AppTab.swift; sourceTree = "<group>"; };
		30B029882F9EAB1D00DE834E /* CustomTabBar.swift */ = {isa = PBXFileReference; lastKnownFileType = sourcecode.swift; path = CustomTabBar.swift; sourceTree = "<group>"; };
		30B029892F9EAB1D00DE834E /* MainView.swift */ = {isa = PBXFileReference; lastKnownFileType = sourcecode.swift; path = MainView.swift; sourceTree = "<group>"; };
		30B0298B2F9EAB1D00DE834E /* OnboardingView.swift */ = {isa = PBXFileReference; lastKnownFileType = sourcecode.swift; path = OnboardingView.swift; sourceTree = "<group>"; };
		30B0298D2F9EAB1D00DE834E /* SettingsView.swift */ = {isa = PBXFileReference; lastKnownFileType = sourcecode.swift; path = SettingsView.swift; sourceTree = "<group>"; };
		30B0298F2F9EAB1D00DE834E /* AddTaskSheet.swift */ = {isa = PBXFileReference; lastKnownFileType = sourcecode.swift; path = AddTaskSheet.swift; sourceTree = "<group>"; };
		30B029922F9EAB1D00DE834E /* AppExternalURL.swift */ = {isa = PBXFileReference; lastKnownFileType = sourcecode.swift; path = AppExternalURL.swift; sourceTree = "<group>"; };
		30B029932F9EAB1D00DE834E /* Haptics.swift */ = {isa = PBXFileReference; lastKnownFileType = sourcecode.swift; path = Haptics.swift; sourceTree = "<group>"; };
		30B029942F9EAB1D00DE834E /* LocalNotificationService.swift */ = {isa = PBXFileReference; lastKnownFileType = sourcecode.swift; path = LocalNotificationService.swift; sourceTree = "<group>"; };
		30B029952F9EAB1D00DE834E /* WindowBackgroundSync.swift */ = {isa = PBXFileReference; lastKnownFileType = sourcecode.swift; path = WindowBackgroundSync.swift; sourceTree = "<group>"; };
		30B029972F9EAB1D00DE834E /* FocusPulseViewModel.swift */ = {isa = PBXFileReference; lastKnownFileType = sourcecode.swift; path = FocusPulseViewModel.swift; sourceTree = "<group>"; };
		30B029982F9EAB1D00DE834E /* PriorityMapperViewModel.swift */ = {isa = PBXFileReference; lastKnownFileType = sourcecode.swift; path = PriorityMapperViewModel.swift; sourceTree = "<group>"; };
		30B029992F9EAB1D00DE834E /* RoutineEnhancerViewModel.swift */ = {isa = PBXFileReference; lastKnownFileType = sourcecode.swift; path = RoutineEnhancerViewModel.swift; sourceTree = "<group>"; };
		30B0299B2F9EAB1D00DE834E /* AppDelegate.swift */ = {isa = PBXFileReference; lastKnownFileType = sourcecode.swift; path = AppDelegate.swift; sourceTree = "<group>"; };
		30B0299C2F9EAB1D00DE834E /* Assets.xcassets */ = {isa = PBXFileReference; lastKnownFileType = folder.assetcatalog; path = Assets.xcassets; sourceTree = "<group>"; };
		30B0299D2F9EAB1D00DE834E /* ContentView.swift */ = {isa = PBXFileReference; lastKnownFileType = sourcecode.swift; path = ContentView.swift; sourceTree = "<group>"; };
		30B0299E2F9EAB1D00DE834E /* GoxlabApp.swift */ = {isa = PBXFileReference; lastKnownFileType = sourcecode.swift; path = GoxlabApp.swift; sourceTree = "<group>"; };
		30B0299F2F9EAB1D00DE834E /* Info.plist */ = {isa = PBXFileReference; lastKnownFileType = text.plist.xml; path = Info.plist; sourceTree = "<group>"; };
		30B029A02F9EAB1D00DE834E /* Base */ = {isa = PBXFileReference; lastKnownFileType = file.storyboard; name = Base; path = Base.lproj/LaunchScreen.storyboard; sourceTree = "<group>"; };
		30B029A22F9EAB1D00DE834E /* Base */ = {isa = PBXFileReference; lastKnownFileType = file.storyboard; name = Base; path = Base.lproj/Main.storyboard; sourceTree = "<group>"; };
		30B029A42F9EAB1D00DE834E /* ViewController.swift */ = {isa = PBXFileReference; lastKnownFileType = sourcecode.swift; path = ViewController.swift; sourceTree = "<group>"; };
		658C2195DE7A34351D392574 /* Pods-146GoxlabrenKexzecror.debug.xcconfig */ = {isa = PBXFileReference; includeInIndex = 1; lastKnownFileType = text.xcconfig; name = "Pods-146GoxlabrenKexzecror.debug.xcconfig"; path = "Target Support Files/Pods-146GoxlabrenKexzecror/Pods-146GoxlabrenKexzecror.debug.xcconfig"; sourceTree = "<group>"; };
		C8F00172A4DD765C599D1042 /* Pods_146GoxlabrenKexzecror.framework */ = {isa = PBXFileReference; explicitFileType = wrapper.framework; includeInIndex = 0; path = Pods_146GoxlabrenKexzecror.framework; sourceTree = BUILT_PRODUCTS_DIR; };
		FBEF1A88F125EBD083EAB9CF /* Pods-146GoxlabrenKexzecror.release.xcconfig */ = {isa = PBXFileReference; includeInIndex = 1; lastKnownFileType = text.xcconfig; name = "Pods-146GoxlabrenKexzecror.release.xcconfig"; path = "Target Support Files/Pods-146GoxlabrenKexzecror/Pods-146GoxlabrenKexzecror.release.xcconfig"; sourceTree = "<group>"; };
/* End PBXFileReference section */

/* Begin PBXFrameworksBuildPhase section */
		30B026312F9DF26400DE834E /* Frameworks */ = {
			isa = PBXFrameworksBuildPhase;
			buildActionMask = 2147483647;
			files = (
			);
			runOnlyForDeploymentPostprocessing = 0;
		};
/* End PBXFrameworksBuildPhase section */

/* Begin PBXGroup section */
		26145B1AF821FF907A5BFFD7 /* Pods */ = {
			isa = PBXGroup;
			children = (
				658C2195DE7A34351D392574 /* Pods-146GoxlabrenKexzecror.debug.xcconfig */,
				FBEF1A88F125EBD083EAB9CF /* Pods-146GoxlabrenKexzecror.release.xcconfig */,
			);
			path = Pods;
			sourceTree = "<group>";
		};
		30B0262B2F9DF26400DE834E = {
			isa = PBXGroup;
			children = (
				30B029A52F9EAB1D00DE834E /* 146GoxlabrenKexzecror */,
				30B026352F9DF26400DE834E /* Products */,
				26145B1AF821FF907A5BFFD7 /* Pods */,
				6BB31DFC22D7A1A7DCF01291 /* Frameworks */,
			);
			sourceTree = "<group>";
		};
		30B026352F9DF26400DE834E /* Products */ = {
			isa = PBXGroup;
			children = (
				30B026342F9DF26400DE834E /* 146GoxlabrenKexzecror.app */,
			);
			name = Products;
			sourceTree = "<group>";
		};
		30B029682F9EAB1D00DE834E /* Core */ = {
			isa = PBXGroup;
			children = (
				30B029662F9EAB1D00DE834E /* AppStorage.swift */,
				30B029672F9EAB1D00DE834E /* FocusLaunchItem.swift */,
			);
			path = Core;
			sourceTree = "<group>";
		};
		30B0296D2F9EAB1D00DE834E /* Design */ = {
			isa = PBXGroup;
			children = (
				30B029692F9EAB1D00DE834E /* AppColorExtension.swift */,
				30B0296A2F9EAB1D00DE834E /* AppDesignDecor.swift */,
				30B0296B2F9EAB1D00DE834E /* AppNavigationRoot.swift */,
				30B0296C2F9EAB1D00DE834E /* AppVisualStyle.swift */,
			);
			path = Design;
			sourceTree = "<group>";
		};
		30B029702F9EAB1D00DE834E /* FocusPulse */ = {
			isa = PBXGroup;
			children = (
				30B0296E2F9EAB1D00DE834E /* FocusPulseView.swift */,
				30B0296F2F9EAB1D00DE834E /* FocusRingChartView.swift */,
			);
			path = FocusPulse;
			sourceTree = "<group>";
		};
		30B029732F9EAB1D00DE834E /* PriorityMapper */ = {
			isa = PBXGroup;
			children = (
				30B029712F9EAB1D00DE834E /* PriorityMapperView.swift */,
				30B029722F9EAB1D00DE834E /* PriorityQuadrantChartView.swift */,
			);
			path = PriorityMapper;
			sourceTree = "<group>";
		};
		30B029762F9EAB1D00DE834E /* RoutineEnhancer */ = {
			isa = PBXGroup;
			children = (
				30B029742F9EAB1D00DE834E /* RoutineBarChartView.swift */,
				30B029752F9EAB1D00DE834E /* RoutineEnhancerView.swift */,
			);
			path = RoutineEnhancer;
			sourceTree = "<group>";
		};
		30B029792F9EAB1D00DE834E /* Shared */ = {
			isa = PBXGroup;
			children = (
				30B029772F9EAB1D00DE834E /* ActivityResultView.swift */,
				30B029782F9EAB1D00DE834E /* StreakView.swift */,
			);
			path = Shared;
			sourceTree = "<group>";
		};
		30B0297A2F9EAB1D00DE834E /* Activities */ = {
			isa = PBXGroup;
			children = (
				30B029702F9EAB1D00DE834E /* FocusPulse */,
				30B029732F9EAB1D00DE834E /* PriorityMapper */,
				30B029762F9EAB1D00DE834E /* RoutineEnhancer */,
				30B029792F9EAB1D00DE834E /* Shared */,
			);
			path = Activities;
			sourceTree = "<group>";
		};
		30B0297E2F9EAB1D00DE834E /* Dashboard */ = {
			isa = PBXGroup;
			children = (
				30B0297B2F9EAB1D00DE834E /* DashboardView.swift */,
				30B0297C2F9EAB1D00DE834E /* DayCloseRitualView.swift */,
				30B0297D2F9EAB1D00DE834E /* ProgressRingView.swift */,
			);
			path = Dashboard;
			sourceTree = "<group>";
		};
		30B029802F9EAB1D00DE834E /* Goals */ = {
			isa = PBXGroup;
			children = (
				30B0297F2F9EAB1D00DE834E /* GoalsView.swift */,
			);
			path = Goals;
			sourceTree = "<group>";
		};
		30B029842F9EAB1D00DE834E /* History */ = {
			isa = PBXGroup;
			children = (
				30B029812F9EAB1D00DE834E /* ActivityShareView.swift */,
				30B029822F9EAB1D00DE834E /* HistoryExport.swift */,
				30B029832F9EAB1D00DE834E /* HistoryView.swift */,
			);
			path = History;
			sourceTree = "<group>";
		};
		30B029862F9EAB1D00DE834E /* Home */ = {
			isa = PBXGroup;
			children = (
				30B029852F9EAB1D00DE834E /* HomeView.swift */,
			);
			path = Home;
			sourceTree = "<group>";
		};
		30B0298A2F9EAB1D00DE834E /* Main */ = {
			isa = PBXGroup;
			children = (
				30B029872F9EAB1D00DE834E /* AppTab.swift */,
				30B029882F9EAB1D00DE834E /* CustomTabBar.swift */,
				30B029892F9EAB1D00DE834E /* MainView.swift */,
			);
			path = Main;
			sourceTree = "<group>";
		};
		30B0298C2F9EAB1D00DE834E /* Onboarding */ = {
			isa = PBXGroup;
			children = (
				30B0298B2F9EAB1D00DE834E /* OnboardingView.swift */,
			);
			path = Onboarding;
			sourceTree = "<group>";
		};
		30B0298E2F9EAB1D00DE834E /* Settings */ = {
			isa = PBXGroup;
			children = (
				30B0298D2F9EAB1D00DE834E /* SettingsView.swift */,
			);
			path = Settings;
			sourceTree = "<group>";
		};
		30B029902F9EAB1D00DE834E /* Tasks */ = {
			isa = PBXGroup;
			children = (
				30B0298F2F9EAB1D00DE834E /* AddTaskSheet.swift */,
			);
			path = Tasks;
			sourceTree = "<group>";
		};
		30B029912F9EAB1D00DE834E /* Features */ = {
			isa = PBXGroup;
			children = (
				30B0297A2F9EAB1D00DE834E /* Activities */,
				30B0297E2F9EAB1D00DE834E /* Dashboard */,
				30B029802F9EAB1D00DE834E /* Goals */,
				30B029842F9EAB1D00DE834E /* History */,
				30B029862F9EAB1D00DE834E /* Home */,
				30B0298A2F9EAB1D00DE834E /* Main */,
				30B0298C2F9EAB1D00DE834E /* Onboarding */,
				30B0298E2F9EAB1D00DE834E /* Settings */,
				30B029902F9EAB1D00DE834E /* Tasks */,
			);
			path = Features;
			sourceTree = "<group>";
		};
		30B029962F9EAB1D00DE834E /* Support */ = {
			isa = PBXGroup;
			children = (
				30B029922F9EAB1D00DE834E /* AppExternalURL.swift */,
				30B029932F9EAB1D00DE834E /* Haptics.swift */,
				30B029942F9EAB1D00DE834E /* LocalNotificationService.swift */,
				30B029952F9EAB1D00DE834E /* WindowBackgroundSync.swift */,
			);
			path = Support;
			sourceTree = "<group>";
		};
		30B0299A2F9EAB1D00DE834E /* ViewModels */ = {
			isa = PBXGroup;
			children = (
				30B029972F9EAB1D00DE834E /* FocusPulseViewModel.swift */,
				30B029982F9EAB1D00DE834E /* PriorityMapperViewModel.swift */,
				30B029992F9EAB1D00DE834E /* RoutineEnhancerViewModel.swift */,
			);
			path = ViewModels;
			sourceTree = "<group>";
		};
		30B029A52F9EAB1D00DE834E /* 146GoxlabrenKexzecror */ = {
			isa = PBXGroup;
			children = (
				30B029682F9EAB1D00DE834E /* Core */,
				30B0296D2F9EAB1D00DE834E /* Design */,
				30B029912F9EAB1D00DE834E /* Features */,
				30B029962F9EAB1D00DE834E /* Support */,
				30B0299A2F9EAB1D00DE834E /* ViewModels */,
				30B0299B2F9EAB1D00DE834E /* AppDelegate.swift */,
				30B0299C2F9EAB1D00DE834E /* Assets.xcassets */,
				30B0299D2F9EAB1D00DE834E /* ContentView.swift */,
				30B0299E2F9EAB1D00DE834E /* GoxlabApp.swift */,
				30B0299F2F9EAB1D00DE834E /* Info.plist */,
				30B029A12F9EAB1D00DE834E /* LaunchScreen.storyboard */,
				30B029A32F9EAB1D00DE834E /* Main.storyboard */,
				30B029A42F9EAB1D00DE834E /* ViewController.swift */,
			);
			path = 146GoxlabrenKexzecror;
			sourceTree = "<group>";
		};
		6BB31DFC22D7A1A7DCF01291 /* Frameworks */ = {
			isa = PBXGroup;
			children = (
				C8F00172A4DD765C599D1042 /* Pods_146GoxlabrenKexzecror.framework */,
			);
			name = Frameworks;
			sourceTree = "<group>";
		};
/* End PBXGroup section */

/* Begin PBXNativeTarget section */
		30B026332F9DF26400DE834E /* 146GoxlabrenKexzecror */ = {
			isa = PBXNativeTarget;
			buildConfigurationList = 30B026472F9DF26B00DE834E /* Build configuration list for PBXNativeTarget "146GoxlabrenKexzecror" */;
			buildPhases = (
				6AEC7E07FA2E0981A826B302 /* [CP] Check Pods Manifest.lock */,
				30B026302F9DF26400DE834E /* Sources */,
				30B026312F9DF26400DE834E /* Frameworks */,
				30B026322F9DF26400DE834E /* Resources */,
			);
			buildRules = (
			);
			dependencies = (
			);
			name = 146GoxlabrenKexzecror;
			productName = 146GoxlabrenKexzecror;
			productReference = 30B026342F9DF26400DE834E /* 146GoxlabrenKexzecror.app */;
			productType = "com.apple.product-type.application";
		};
/* End PBXNativeTarget section */

/* Begin PBXProject section */
		30B0262C2F9DF26400DE834E /* Project object */ = {
			isa = PBXProject;
			attributes = {
				BuildIndependentTargetsInParallel = 1;
				LastSwiftUpdateCheck = 2640;
				LastUpgradeCheck = 2640;
				TargetAttributes = {
					30B026332F9DF26400DE834E = {
						CreatedOnToolsVersion = 26.4.1;
					};
				};
			};
			buildConfigurationList = 30B0262F2F9DF26400DE834E /* Build configuration list for PBXProject "146GoxlabrenKexzecror" */;
			compatibilityVersion = "Xcode 15.0";
			developmentRegion = en;
			hasScannedForEncodings = 0;
			knownRegions = (
				en,
				Base,
			);
			mainGroup = 30B0262B2F9DF26400DE834E;
			productRefGroup = 30B026352F9DF26400DE834E /* Products */;
			projectDirPath = "";
			projectRoot = "";
			targets = (
				30B026332F9DF26400DE834E /* 146GoxlabrenKexzecror */,
			);
		};
/* End PBXProject section */

/* Begin PBXResourcesBuildPhase section */
		30B026322F9DF26400DE834E /* Resources */ = {
			isa = PBXResourcesBuildPhase;
			buildActionMask = 2147483647;
			files = (
				30B029CD2F9EAB1D00DE834E /* Assets.xcassets in Resources */,
				30B029CF2F9EAB1D00DE834E /* LaunchScreen.storyboard in Resources */,
				30B029D02F9EAB1D00DE834E /* Main.storyboard in Resources */,
			);
			runOnlyForDeploymentPostprocessing = 0;
		};
/* End PBXResourcesBuildPhase section */

/* Begin PBXShellScriptBuildPhase section */
		6AEC7E07FA2E0981A826B302 /* [CP] Check Pods Manifest.lock */ = {
			isa = PBXShellScriptBuildPhase;
			buildActionMask = 2147483647;
			files = (
			);
			inputFileListPaths = (
			);
			inputPaths = (
				"${PODS_PODFILE_DIR_PATH}/Podfile.lock",
				"${PODS_ROOT}/Manifest.lock",
			);
			name = "[CP] Check Pods Manifest.lock";
			outputFileListPaths = (
			);
			outputPaths = (
				"$(DERIVED_FILE_DIR)/Pods-146GoxlabrenKexzecror-checkManifestLockResult.txt",
			);
			runOnlyForDeploymentPostprocessing = 0;
			shellPath = /bin/sh;
			shellScript = "diff \"${PODS_PODFILE_DIR_PATH}/Podfile.lock\" \"${PODS_ROOT}/Manifest.lock\" > /dev/null\nif [ $? != 0 ] ; then\n    # print error to STDERR\n    echo \"error: The sandbox is not in sync with the Podfile.lock. Run 'pod install' or update your CocoaPods installation.\" >&2\n    exit 1\nfi\n# This output is used by Xcode 'outputs' to avoid re-running this script phase.\necho \"SUCCESS\" > \"${SCRIPT_OUTPUT_FILE_0}\"\n";
			showEnvVarsInLog = 0;
		};
/* End PBXShellScriptBuildPhase section */

/* Begin PBXSourcesBuildPhase section */
		30B026302F9DF26400DE834E /* Sources */ = {
			isa = PBXSourcesBuildPhase;
			buildActionMask = 2147483647;
			files = (
				30B029A62F9EAB1D00DE834E /* AppStorage.swift in Sources */,
				30B029A72F9EAB1D00DE834E /* FocusLaunchItem.swift in Sources */,
				30B029A82F9EAB1D00DE834E /* AppColorExtension.swift in Sources */,
				30B029A92F9EAB1D00DE834E /* AppDesignDecor.swift in Sources */,
				30B029AA2F9EAB1D00DE834E /* AppNavigationRoot.swift in Sources */,
				30B029AB2F9EAB1D00DE834E /* AppVisualStyle.swift in Sources */,
				30B029AC2F9EAB1D00DE834E /* FocusPulseView.swift in Sources */,
				30B029AD2F9EAB1D00DE834E /* FocusRingChartView.swift in Sources */,
				30B029AE2F9EAB1D00DE834E /* PriorityMapperView.swift in Sources */,
				30B029AF2F9EAB1D00DE834E /* PriorityQuadrantChartView.swift in Sources */,
				30B029B02F9EAB1D00DE834E /* RoutineBarChartView.swift in Sources */,
				30B029B12F9EAB1D00DE834E /* RoutineEnhancerView.swift in Sources */,
				30B029B22F9EAB1D00DE834E /* ActivityResultView.swift in Sources */,
				30B029B32F9EAB1D00DE834E /* StreakView.swift in Sources */,
				30B029B42F9EAB1D00DE834E /* DashboardView.swift in Sources */,
				30B029B52F9EAB1D00DE834E /* DayCloseRitualView.swift in Sources */,
				30B029B62F9EAB1D00DE834E /* ProgressRingView.swift in Sources */,
				30B029B72F9EAB1D00DE834E /* GoalsView.swift in Sources */,
				30B029B82F9EAB1D00DE834E /* ActivityShareView.swift in Sources */,
				30B029B92F9EAB1D00DE834E /* HistoryExport.swift in Sources */,
				30B029BA2F9EAB1D00DE834E /* HistoryView.swift in Sources */,
				30B029BB2F9EAB1D00DE834E /* HomeView.swift in Sources */,
				30B029BC2F9EAB1D00DE834E /* AppTab.swift in Sources */,
				30B029BD2F9EAB1D00DE834E /* CustomTabBar.swift in Sources */,
				30B029BE2F9EAB1D00DE834E /* MainView.swift in Sources */,
				30B029BF2F9EAB1D00DE834E /* OnboardingView.swift in Sources */,
				30B029C02F9EAB1D00DE834E /* SettingsView.swift in Sources */,
				30B029C12F9EAB1D00DE834E /* AddTaskSheet.swift in Sources */,
				30B029C22F9EAB1D00DE834E /* AppExternalURL.swift in Sources */,
				30B029C32F9EAB1D00DE834E /* Haptics.swift in Sources */,
				30B029C42F9EAB1D00DE834E /* LocalNotificationService.swift in Sources */,
				30B029C52F9EAB1D00DE834E /* WindowBackgroundSync.swift in Sources */,
				30B029C62F9EAB1D00DE834E /* FocusPulseViewModel.swift in Sources */,
				30B029C72F9EAB1D00DE834E /* PriorityMapperViewModel.swift in Sources */,
				30B029C82F9EAB1D00DE834E /* RoutineEnhancerViewModel.swift in Sources */,
				30B029C92F9EAB1D00DE834E /* AppDelegate.swift in Sources */,
				30B029CA2F9EAB1D00DE834E /* ContentView.swift in Sources */,
				30B029CB2F9EAB1D00DE834E /* GoxlabApp.swift in Sources */,
				30B029CC2F9EAB1D00DE834E /* ViewController.swift in Sources */,
			);
			runOnlyForDeploymentPostprocessing = 0;
		};
/* End PBXSourcesBuildPhase section */

/* Begin PBXVariantGroup section */
		30B029A12F9EAB1D00DE834E /* LaunchScreen.storyboard */ = {
			isa = PBXVariantGroup;
			children = (
				30B029A02F9EAB1D00DE834E /* Base */,
			);
			name = LaunchScreen.storyboard;
			sourceTree = "<group>";
		};
		30B029A32F9EAB1D00DE834E /* Main.storyboard */ = {
			isa = PBXVariantGroup;
			children = (
				30B029A22F9EAB1D00DE834E /* Base */,
			);
			name = Main.storyboard;
			sourceTree = "<group>";
		};
/* End PBXVariantGroup section */

/* Begin XCBuildConfiguration section */
		30B026482F9DF26B00DE834E /* Debug */ = {
			isa = XCBuildConfiguration;
			baseConfigurationReference = 658C2195DE7A34351D392574 /* Pods-146GoxlabrenKexzecror.debug.xcconfig */;
			buildSettings = {
				ASSETCATALOG_COMPILER_APPICON_NAME = AppIcon;
				ASSETCATALOG_COMPILER_GLOBAL_ACCENT_COLOR_NAME = AccentColor;
				CODE_SIGN_STYLE = Automatic;
				CURRENT_PROJECT_VERSION = 1;
				GENERATE_INFOPLIST_FILE = YES;
				INFOPLIST_FILE = 146GoxlabrenKexzecror/Info.plist;
				INFOPLIST_KEY_CFBundleDisplayName = "Goxlabren Kexzecror";
				INFOPLIST_KEY_UIApplicationSupportsIndirectInputEvents = YES;
				INFOPLIST_KEY_UILaunchStoryboardName = LaunchScreen;
				INFOPLIST_KEY_UIRequiresFullScreen = YES;
				INFOPLIST_KEY_UISupportedInterfaceOrientations = UIInterfaceOrientationPortrait;
				INFOPLIST_KEY_UISupportedInterfaceOrientations_iPad = UIInterfaceOrientationPortrait;
				INFOPLIST_KEY_UIUserInterfaceStyle = Dark;
				IPHONEOS_DEPLOYMENT_TARGET = 17.0;
				LD_RUNPATH_SEARCH_PATHS = (
					"$(inherited)",
					"@executable_path/Frameworks",
				);
				MARKETING_VERSION = 1.0;
				PRODUCT_BUNDLE_IDENTIFIER = com.jan.g0xl1br3nk8xz6cr0r;
				PRODUCT_NAME = "$(TARGET_NAME)";
				STRING_CATALOG_GENERATE_SYMBOLS = YES;
				SUPPORTED_PLATFORMS = "iphoneos iphonesimulator";
				SUPPORTS_MACCATALYST = NO;
				SUPPORTS_MAC_DESIGNED_FOR_IPHONE_IPAD = NO;
				SUPPORTS_XR_DESIGNED_FOR_IPHONE_IPAD = NO;
				SWIFT_APPROACHABLE_CONCURRENCY = YES;
				SWIFT_DEFAULT_ACTOR_ISOLATION = MainActor;
				SWIFT_EMIT_LOC_STRINGS = YES;
				SWIFT_UPCOMING_FEATURE_MEMBER_IMPORT_VISIBILITY = YES;
				SWIFT_VERSION = 5.0;
				TARGETED_DEVICE_FAMILY = 1;
			};
			name = Debug;
		};
		30B026492F9DF26B00DE834E /* Release */ = {
			isa = XCBuildConfiguration;
			baseConfigurationReference = FBEF1A88F125EBD083EAB9CF /* Pods-146GoxlabrenKexzecror.release.xcconfig */;
			buildSettings = {
				ASSETCATALOG_COMPILER_APPICON_NAME = AppIcon;
				ASSETCATALOG_COMPILER_GLOBAL_ACCENT_COLOR_NAME = AccentColor;
				CODE_SIGN_STYLE = Automatic;
				CURRENT_PROJECT_VERSION = 1;
				GENERATE_INFOPLIST_FILE = YES;
				INFOPLIST_FILE = 146GoxlabrenKexzecror/Info.plist;
				INFOPLIST_KEY_CFBundleDisplayName = "Goxlabren Kexzecror";
				INFOPLIST_KEY_UIApplicationSupportsIndirectInputEvents = YES;
				INFOPLIST_KEY_UILaunchStoryboardName = LaunchScreen;
				INFOPLIST_KEY_UIRequiresFullScreen = YES;
				INFOPLIST_KEY_UISupportedInterfaceOrientations = UIInterfaceOrientationPortrait;
				INFOPLIST_KEY_UISupportedInterfaceOrientations_iPad = UIInterfaceOrientationPortrait;
				INFOPLIST_KEY_UIUserInterfaceStyle = Dark;
				IPHONEOS_DEPLOYMENT_TARGET = 17.0;
				LD_RUNPATH_SEARCH_PATHS = (
					"$(inherited)",
					"@executable_path/Frameworks",
				);
				MARKETING_VERSION = 1.0;
				PRODUCT_BUNDLE_IDENTIFIER = com.jan.g0xl1br3nk8xz6cr0r;
				PRODUCT_NAME = "$(TARGET_NAME)";
				STRING_CATALOG_GENERATE_SYMBOLS = YES;
				SUPPORTED_PLATFORMS = "iphoneos iphonesimulator";
				SUPPORTS_MACCATALYST = NO;
				SUPPORTS_MAC_DESIGNED_FOR_IPHONE_IPAD = NO;
				SUPPORTS_XR_DESIGNED_FOR_IPHONE_IPAD = NO;
				SWIFT_APPROACHABLE_CONCURRENCY = YES;
				SWIFT_DEFAULT_ACTOR_ISOLATION = MainActor;
				SWIFT_EMIT_LOC_STRINGS = YES;
				SWIFT_UPCOMING_FEATURE_MEMBER_IMPORT_VISIBILITY = YES;
				SWIFT_VERSION = 5.0;
				TARGETED_DEVICE_FAMILY = 1;
			};
			name = Release;
		};
		30B0264A2F9DF26B00DE834E /* Debug */ = {
			isa = XCBuildConfiguration;
			buildSettings = {
				ALWAYS_SEARCH_USER_PATHS = NO;
				ASSETCATALOG_COMPILER_GENERATE_SWIFT_ASSET_SYMBOL_EXTENSIONS = YES;
				CLANG_ANALYZER_NONNULL = YES;
				CLANG_ANALYZER_NUMBER_OBJECT_CONVERSION = YES_AGGRESSIVE;
				CLANG_CXX_LANGUAGE_STANDARD = "gnu++20";
				CLANG_ENABLE_MODULES = YES;
				CLANG_ENABLE_OBJC_ARC = YES;
				CLANG_ENABLE_OBJC_WEAK = YES;
				CLANG_WARN_BLOCK_CAPTURE_AUTORELEASING = YES;
				CLANG_WARN_BOOL_CONVERSION = YES;
				CLANG_WARN_COMMA = YES;
				CLANG_WARN_CONSTANT_CONVERSION = YES;
				CLANG_WARN_DEPRECATED_OBJC_IMPLEMENTATIONS = YES;
				CLANG_WARN_DIRECT_OBJC_ISA_USAGE = YES_ERROR;
				CLANG_WARN_DOCUMENTATION_COMMENTS = YES;
				CLANG_WARN_EMPTY_BODY = YES;
				CLANG_WARN_ENUM_CONVERSION = YES;
				CLANG_WARN_INFINITE_RECURSION = YES;
				CLANG_WARN_INT_CONVERSION = YES;
				CLANG_WARN_NON_LITERAL_NULL_CONVERSION = YES;
				CLANG_WARN_OBJC_IMPLICIT_RETAIN_SELF = YES;
				CLANG_WARN_OBJC_LITERAL_CONVERSION = YES;
				CLANG_WARN_OBJC_ROOT_CLASS = YES_ERROR;
				CLANG_WARN_QUOTED_INCLUDE_IN_FRAMEWORK_HEADER = YES;
				CLANG_WARN_RANGE_LOOP_ANALYSIS = YES;
				CLANG_WARN_STRICT_PROTOTYPES = YES;
				CLANG_WARN_SUSPICIOUS_MOVE = YES;
				CLANG_WARN_UNGUARDED_AVAILABILITY = YES_AGGRESSIVE;
				CLANG_WARN_UNREACHABLE_CODE = YES;
				CLANG_WARN__DUPLICATE_METHOD_MATCH = YES;
				COPY_PHASE_STRIP = NO;
				DEBUG_INFORMATION_FORMAT = dwarf;
				ENABLE_STRICT_OBJC_MSGSEND = YES;
				ENABLE_TESTABILITY = YES;
				ENABLE_USER_SCRIPT_SANDBOXING = YES;
				GCC_C_LANGUAGE_STANDARD = gnu17;
				GCC_DYNAMIC_NO_PIC = NO;
				GCC_NO_COMMON_BLOCKS = YES;
				GCC_OPTIMIZATION_LEVEL = 0;
				GCC_PREPROCESSOR_DEFINITIONS = (
					"DEBUG=1",
					"$(inherited)",
				);
				GCC_WARN_64_TO_32_BIT_CONVERSION = YES;
				GCC_WARN_ABOUT_RETURN_TYPE = YES_ERROR;
				GCC_WARN_UNDECLARED_SELECTOR = YES;
				GCC_WARN_UNINITIALIZED_AUTOS = YES_AGGRESSIVE;
				GCC_WARN_UNUSED_FUNCTION = YES;
				GCC_WARN_UNUSED_VARIABLE = YES;
				IPHONEOS_DEPLOYMENT_TARGET = 16.0;
				LOCALIZATION_PREFERS_STRING_CATALOGS = YES;
				MTL_ENABLE_DEBUG_INFO = INCLUDE_SOURCE;
				MTL_FAST_MATH = YES;
				ONLY_ACTIVE_ARCH = YES;
				SDKROOT = iphoneos;
				SWIFT_ACTIVE_COMPILATION_CONDITIONS = "DEBUG $(inherited)";
				SWIFT_OPTIMIZATION_LEVEL = "-Onone";
			};
			name = Debug;
		};
		30B0264B2F9DF26B00DE834E /* Release */ = {
			isa = XCBuildConfiguration;
			buildSettings = {
				ALWAYS_SEARCH_USER_PATHS = NO;
				ASSETCATALOG_COMPILER_GENERATE_SWIFT_ASSET_SYMBOL_EXTENSIONS = YES;
				CLANG_ANALYZER_NONNULL = YES;
				CLANG_ANALYZER_NUMBER_OBJECT_CONVERSION = YES_AGGRESSIVE;
				CLANG_CXX_LANGUAGE_STANDARD = "gnu++20";
				CLANG_ENABLE_MODULES = YES;
				CLANG_ENABLE_OBJC_ARC = YES;
				CLANG_ENABLE_OBJC_WEAK = YES;
				CLANG_WARN_BLOCK_CAPTURE_AUTORELEASING = YES;
				CLANG_WARN_BOOL_CONVERSION = YES;
				CLANG_WARN_COMMA = YES;
				CLANG_WARN_CONSTANT_CONVERSION = YES;
				CLANG_WARN_DEPRECATED_OBJC_IMPLEMENTATIONS = YES;
				CLANG_WARN_DIRECT_OBJC_ISA_USAGE = YES_ERROR;
				CLANG_WARN_DOCUMENTATION_COMMENTS = YES;
				CLANG_WARN_EMPTY_BODY = YES;
				CLANG_WARN_ENUM_CONVERSION = YES;
				CLANG_WARN_INFINITE_RECURSION = YES;
				CLANG_WARN_INT_CONVERSION = YES;
				CLANG_WARN_NON_LITERAL_NULL_CONVERSION = YES;
				CLANG_WARN_OBJC_IMPLICIT_RETAIN_SELF = YES;
				CLANG_WARN_OBJC_LITERAL_CONVERSION = YES;
				CLANG_WARN_OBJC_ROOT_CLASS = YES_ERROR;
				CLANG_WARN_QUOTED_INCLUDE_IN_FRAMEWORK_HEADER = YES;
				CLANG_WARN_RANGE_LOOP_ANALYSIS = YES;
				CLANG_WARN_STRICT_PROTOTYPES = YES;
				CLANG_WARN_SUSPICIOUS_MOVE = YES;
				CLANG_WARN_UNGUARDED_AVAILABILITY = YES_AGGRESSIVE;
				CLANG_WARN_UNREACHABLE_CODE = YES;
				CLANG_WARN__DUPLICATE_METHOD_MATCH = YES;
				COPY_PHASE_STRIP = NO;
				DEBUG_INFORMATION_FORMAT = "dwarf-with-dsym";
				ENABLE_NS_ASSERTIONS = NO;
				ENABLE_STRICT_OBJC_MSGSEND = YES;
				ENABLE_USER_SCRIPT_SANDBOXING = YES;
				GCC_C_LANGUAGE_STANDARD = gnu17;
				GCC_NO_COMMON_BLOCKS = YES;
				GCC_WARN_64_TO_32_BIT_CONVERSION = YES;
				GCC_WARN_ABOUT_RETURN_TYPE = YES_ERROR;
				GCC_WARN_UNDECLARED_SELECTOR = YES;
				GCC_WARN_UNINITIALIZED_AUTOS = YES_AGGRESSIVE;
				GCC_WARN_UNUSED_FUNCTION = YES;
				GCC_WARN_UNUSED_VARIABLE = YES;
				IPHONEOS_DEPLOYMENT_TARGET = 16.0;
				LOCALIZATION_PREFERS_STRING_CATALOGS = YES;
				MTL_ENABLE_DEBUG_INFO = NO;
				MTL_FAST_MATH = YES;
				SDKROOT = iphoneos;
				SWIFT_COMPILATION_MODE = wholemodule;
				VALIDATE_PRODUCT = YES;
			};
			name = Release;
		};
/* End XCBuildConfiguration section */

/* Begin XCConfigurationList section */
		30B0262F2F9DF26400DE834E /* Build configuration list for PBXProject "146GoxlabrenKexzecror" */ = {
			isa = XCConfigurationList;
			buildConfigurations = (
				30B0264A2F9DF26B00DE834E /* Debug */,
				30B0264B2F9DF26B00DE834E /* Release */,
			);
			defaultConfigurationIsVisible = 0;
			defaultConfigurationName = Release;
		};
		30B026472F9DF26B00DE834E /* Build configuration list for PBXNativeTarget "146GoxlabrenKexzecror" */ = {
			isa = XCConfigurationList;
			buildConfigurations = (
				30B026482F9DF26B00DE834E /* Debug */,
				30B026492F9DF26B00DE834E /* Release */,
			);
			defaultConfigurationIsVisible = 0;
			defaultConfigurationName = Release;
		};
/* End XCConfigurationList section */
	};
	rootObject = 30B0262C2F9DF26400DE834E /* Project object */;
}
